
Microsoft Visual Studio Solution File, Format Version 12.00
# Visual Studio Version 17
VisualStudioVersion = 17.5.33424.131
MinimumVisualStudioVersion = 10.0.40219.1
Project("{FAE04EC0-301F-11D3-BF4B-00C04F79EFBC}") = "Demo5-MVC-OIDC", "Demo5-MVC-OIDC\Demo5-MVC-OIDC.csproj", "{26DC7B65-4CE0-401D-80FB-F05C4277CA55}"
EndProject
Global
	GlobalSection(SolutionConfigurationPlatforms) = preSolution
		Debug|Any CPU = Debug|Any CPU
		Release|Any CPU = Release|Any CPU
	EndGlobalSection
	GlobalSection(ProjectConfigurationPlatforms) = postSolution
		{26DC7B65-4CE0-401D-80FB-F05C4277CA55}.Debug|Any CPU.ActiveCfg = Debug|Any CPU
		{26DC7B65-4CE0-401D-80FB-F05C4277CA55}.Debug|Any CPU.Build.0 = Debug|Any CPU
		{26DC7B65-4CE0-401D-80FB-F05C4277CA55}.Release|Any CPU.ActiveCfg = Release|Any CPU
		{26DC7B65-4CE0-401D-80FB-F05C4277CA55}.Release|Any CPU.Build.0 = Release|Any CPU
	EndGlobalSection
	GlobalSection(SolutionProperties) = preSolution
		HideSolutionNode = FALSE
	EndGlobalSection
	GlobalSection(ExtensibilityGlobals) = postSolution
		SolutionGuid = {1CA3D64D-53F1-4600-870E-C537AE26D293}
	EndGlobalSection
EndGlobal
