
Microsoft Visual Studio Solution File, Format Version 12.00
# Visual Studio Version 17
VisualStudioVersion = 17.5.33424.131
MinimumVisualStudioVersion = 10.0.40219.1
Project("{FAE04EC0-301F-11D3-BF4B-00C04F79EFBC}") = "Demo1-MVC", "Demo1-MVC\Demo1-MVC.csproj", "{E18BD16E-D209-4A70-9581-871A50367E05}"
EndProject
Global
	GlobalSection(SolutionConfigurationPlatforms) = preSolution
		Debug|Any CPU = Debug|Any CPU
		Release|Any CPU = Release|Any CPU
	EndGlobalSection
	GlobalSection(ProjectConfigurationPlatforms) = postSolution
		{E18BD16E-D209-4A70-9581-871A50367E05}.Debug|Any CPU.ActiveCfg = Debug|Any CPU
		{E18BD16E-D209-4A70-9581-871A50367E05}.Debug|Any CPU.Build.0 = Debug|Any CPU
		{E18BD16E-D209-4A70-9581-871A50367E05}.Release|Any CPU.ActiveCfg = Release|Any CPU
		{E18BD16E-D209-4A70-9581-871A50367E05}.Release|Any CPU.Build.0 = Release|Any CPU
	EndGlobalSection
	GlobalSection(SolutionProperties) = preSolution
		HideSolutionNode = FALSE
	EndGlobalSection
	GlobalSection(ExtensibilityGlobals) = postSolution
		SolutionGuid = {65EEFD06-F366-4ADB-A87D-26F9CFD3C6E7}
	EndGlobalSection
EndGlobal
